
Microsoft Visual Studio Solution File, Format Version 12.00
# Visual Studio Version 17
VisualStudioVersion = 17.1.32407.343
MinimumVisualStudioVersion = 10.0.40219.1
Project("{D954291E-2A0B-460D-934E-DC6B0785DB48}") = "Shin.Framework", "src\Shin.Framework\Shin.Framework.shproj", "{F7EF21B1-EE13-4B24-99B6-CB79BBCB71CE}"
EndProject
Project("{2150E333-8FDC-42A3-9474-1A3956D46DE8}") = "NetStandard", "NetStandard", "{FCDC1DAE-0B6D-4FB3-83A3-8543A5368870}"
EndProject
Project("{9A19103F-16F7-4668-BE54-9A1E7A4F7556}") = "Shin.Framework.NetStandard", "src\Netstandard\Shin.Framework.NetStandard\Shin.Framework.NetStandard.csproj", "{CE636A6D-423B-4011-8A67-C2FA02CF1A8C}"
EndProject
Project("{2150E333-8FDC-42A3-9474-1A3956D46DE8}") = "NuSpec", "NuSpec", "{FC3C0675-9A2A-4341-8DD9-70A4144F8DCE}"
	ProjectSection(SolutionItems) = preProject
		nuspecs\generate-nuget.ps1 = nuspecs\generate-nuget.ps1
		nuspecs\projects.json = nuspecs\projects.json
		nuspecs\Shield.Framework.IoC.Ninject.nuspec = nuspecs\Shield.Framework.IoC.Ninject.nuspec
		nuspecs\Shield.Framework.Platform.MonoGame.Windows.nuspec = nuspecs\Shield.Framework.Platform.MonoGame.Windows.nuspec
		nuspecs\Shield.Framework.Platform.Windows.nuspec = nuspecs\Shield.Framework.Platform.Windows.nuspec
		nuspecs\Shin.Framework.nuspec = nuspecs\Shin.Framework.nuspec
	EndProjectSection
EndProject
Project("{2150E333-8FDC-42A3-9474-1A3956D46DE8}") = "Solution Items", "Solution Items", "{A0B56BE1-0C2D-466B-AD59-6B7D34C41E51}"
	ProjectSection(SolutionItems) = preProject
		CHANGELOG.md = CHANGELOG.md
		CODESTYLE.md = CODESTYLE.md
		CODE_OF_CONDUCT.md = CODE_OF_CONDUCT.md
		CONTRIBUTING.md = CONTRIBUTING.md
		Directory.Build.props = Directory.Build.props
		src\GlobalSuppressions.cs = src\GlobalSuppressions.cs
		LICENSE.md = LICENSE.md
		README.md = README.md
		src\SharedAssemblyInfo.cs = src\SharedAssemblyInfo.cs
	EndProjectSection
EndProject
Project("{2150E333-8FDC-42A3-9474-1A3956D46DE8}") = "Tests", "Tests", "{F997FA0E-EDDB-4E55-B46A-4D6025AECB42}"
EndProject
Project("{2150E333-8FDC-42A3-9474-1A3956D46DE8}") = "Sandbox", "Sandbox", "{CAA13F07-C88B-49C8-A626-5E3B1C55B628}"
EndProject
Project("{9A19103F-16F7-4668-BE54-9A1E7A4F7556}") = "CoreSandbox", "sandbox\CoreSandbox\CoreSandbox.csproj", "{0E27F09C-2C4C-4487-83B9-044A82DAADBA}"
EndProject
Project("{2150E333-8FDC-42A3-9474-1A3956D46DE8}") = "NetCore", "NetCore", "{B12062BF-DD4C-4855-B725-BF9308870285}"
EndProject
Project("{9A19103F-16F7-4668-BE54-9A1E7A4F7556}") = "Shin.Framework.NetCore", "src\NetCore\Shin.Framework.NetCore\Shin.Framework.NetCore.csproj", "{07B929E6-9B57-4348-9380-05BFD5701220}"
EndProject
Project("{9A19103F-16F7-4668-BE54-9A1E7A4F7556}") = "Shin.Framework.Net6", "src\NetCore\Shin.Framework.Net6\Shin.Framework.Net6.csproj", "{5F31181A-3A45-4737-9A9F-C27C245AE40E}"
EndProject
Global
	GlobalSection(SolutionConfigurationPlatforms) = preSolution
		Debug|Any CPU = Debug|Any CPU
		Release|Any CPU = Release|Any CPU
	EndGlobalSection
	GlobalSection(ProjectConfigurationPlatforms) = postSolution
		{CE636A6D-423B-4011-8A67-C2FA02CF1A8C}.Debug|Any CPU.ActiveCfg = Debug|Any CPU
		{CE636A6D-423B-4011-8A67-C2FA02CF1A8C}.Debug|Any CPU.Build.0 = Debug|Any CPU
		{CE636A6D-423B-4011-8A67-C2FA02CF1A8C}.Release|Any CPU.ActiveCfg = Release|Any CPU
		{CE636A6D-423B-4011-8A67-C2FA02CF1A8C}.Release|Any CPU.Build.0 = Release|Any CPU
		{0E27F09C-2C4C-4487-83B9-044A82DAADBA}.Debug|Any CPU.ActiveCfg = Debug|Any CPU
		{0E27F09C-2C4C-4487-83B9-044A82DAADBA}.Debug|Any CPU.Build.0 = Debug|Any CPU
		{0E27F09C-2C4C-4487-83B9-044A82DAADBA}.Release|Any CPU.ActiveCfg = Release|Any CPU
		{0E27F09C-2C4C-4487-83B9-044A82DAADBA}.Release|Any CPU.Build.0 = Release|Any CPU
		{07B929E6-9B57-4348-9380-05BFD5701220}.Debug|Any CPU.ActiveCfg = Debug|Any CPU
		{07B929E6-9B57-4348-9380-05BFD5701220}.Debug|Any CPU.Build.0 = Debug|Any CPU
		{07B929E6-9B57-4348-9380-05BFD5701220}.Release|Any CPU.ActiveCfg = Release|Any CPU
		{07B929E6-9B57-4348-9380-05BFD5701220}.Release|Any CPU.Build.0 = Release|Any CPU
		{5F31181A-3A45-4737-9A9F-C27C245AE40E}.Debug|Any CPU.ActiveCfg = Debug|Any CPU
		{5F31181A-3A45-4737-9A9F-C27C245AE40E}.Debug|Any CPU.Build.0 = Debug|Any CPU
		{5F31181A-3A45-4737-9A9F-C27C245AE40E}.Release|Any CPU.ActiveCfg = Release|Any CPU
		{5F31181A-3A45-4737-9A9F-C27C245AE40E}.Release|Any CPU.Build.0 = Release|Any CPU
	EndGlobalSection
	GlobalSection(SolutionProperties) = preSolution
		HideSolutionNode = FALSE
	EndGlobalSection
	GlobalSection(NestedProjects) = preSolution
		{CE636A6D-423B-4011-8A67-C2FA02CF1A8C} = {FCDC1DAE-0B6D-4FB3-83A3-8543A5368870}
		{0E27F09C-2C4C-4487-83B9-044A82DAADBA} = {CAA13F07-C88B-49C8-A626-5E3B1C55B628}
		{07B929E6-9B57-4348-9380-05BFD5701220} = {B12062BF-DD4C-4855-B725-BF9308870285}
		{5F31181A-3A45-4737-9A9F-C27C245AE40E} = {B12062BF-DD4C-4855-B725-BF9308870285}
	EndGlobalSection
	GlobalSection(ExtensibilityGlobals) = postSolution
		SolutionGuid = {E19F08BB-A8A3-402E-ABF8-1D5E72FD43E8}
	EndGlobalSection
	GlobalSection(SharedMSBuildProjectFiles) = preSolution
		src\Shin.Framework\Shin.Framework.projitems*{07b929e6-9b57-4348-9380-05bfd5701220}*SharedItemsImports = 5
		src\Shin.Framework\Shin.Framework.projitems*{5f31181a-3a45-4737-9a9f-c27c245ae40e}*SharedItemsImports = 5
		src\Shin.Framework\Shin.Framework.projitems*{ce636a6d-423b-4011-8a67-c2fa02cf1a8c}*SharedItemsImports = 5
		src\Shin.Framework\Shin.Framework.projitems*{f7ef21b1-ee13-4b24-99b6-cb79bbcb71ce}*SharedItemsImports = 13
	EndGlobalSection
EndGlobal
